<?xml version="1.0" encoding="utf-8"?>
<Project ToolsVersion="4.0" xmlns="http://schemas.microsoft.com/developer/msbuild/2003">
  <ItemGroup>
    <Filter Include="Allocator">
      <UniqueIdentifier>{457a2f32-b463-4f0f-a47c-db76b83caadd}</UniqueIdentifier>
    </Filter>
    <Filter Include="Time">
      <UniqueIdentifier>{7f54f1c4-0256-43e1-84be-73a1c7586c59}</UniqueIdentifier>
    </Filter>
  </ItemGroup>
  <ItemGroup>
    <ClInclude Include="Allocator\AllocatorUtility.h">
      <Filter>Allocator</Filter>
    </ClInclude>
    <ClInclude Include="Allocator\FrameAllocator.h">
      <Filter>Allocator</Filter>
    </ClInclude>
    <ClInclude Include="LogWriter.h" />
    <ClInclude Include="Assertion.h" />
    <ClInclude Include="CoreFd.h" />
    <ClInclude Include="CoreHeader.h" />
    <ClInclude Include="Handler.h" />
    <ClInclude Include="Core.h" />
    <ClInclude Include="Time\TimeManager.h">
      <Filter>Time</Filter>
    </ClInclude>
    <ClInclude Include="Time\GameTime.h">
      <Filter>Time</Filter>
    </ClInclude>
  </ItemGroup>
  <ItemGroup>
    <ClCompile Include="Allocator\FrameAllocator.cpp">
      <Filter>Allocator</Filter>
    </ClCompile>
    <ClCompile Include="LogWriter.cpp" />
    <ClCompile Include="Core.cpp" />
    <ClCompile Include="Time\TimeManager.cpp">
      <Filter>Time</Filter>
    </ClCompile>
    <ClCompile Include="Time\GameTime.cpp">
      <Filter>Time</Filter>
    </ClCompile>
  </ItemGroup>
</Project>