
Microsoft Visual Studio Solution File, Format Version 12.00
# Visual Studio Version 16
VisualStudioVersion = 16.0.30011.22
MinimumVisualStudioVersion = 10.0.40219.1
Project("{8BC9CEB8-8B4A-11D0-8D11-00A0C91BC942}") = "Utility", "Source\Utility\Utility.vcxproj", "{6E0335E5-F2EA-4FE9-8D68-F3F7E903E9A4}"
EndProject
Project("{8BC9CEB8-8B4A-11D0-8D11-00A0C91BC942}") = "Platform", "Source\Platform\Platform.vcxproj", "{6FF95204-4058-4AC1-954E-552AE2F46B19}"
EndProject
Project("{8BC9CEB8-8B4A-11D0-8D11-00A0C91BC942}") = "Core", "Source\Core\Core.vcxproj", "{6BD7075F-8B4C-43E2-A980-DFE56F51F1B2}"
EndProject
Project("{8BC9CEB8-8B4A-11D0-8D11-00A0C91BC942}") = "Engine", "Source\Engine\Engine.vcxproj", "{EDC2B5F6-5F51-4E5D-856E-E352D8367873}"
EndProject
Project("{2150E333-8FDC-42A3-9474-1A3956D46DE8}") = "1. Utility", "1. Utility", "{7FEBFEDB-7C2F-4CCE-AB41-CF39F856132A}"
EndProject
Project("{2150E333-8FDC-42A3-9474-1A3956D46DE8}") = "2. Platform", "2. Platform", "{BC14812D-62D1-48DE-B667-DF3C0FDC2F3E}"
EndProject
Project("{2150E333-8FDC-42A3-9474-1A3956D46DE8}") = "3. Core", "3. Core", "{51451B33-246B-4694-9FAE-E25426F45D01}"
EndProject
Project("{2150E333-8FDC-42A3-9474-1A3956D46DE8}") = "4. RenderAPIs", "4. RenderAPIs", "{CF85B22C-C304-4493-973D-6FFD91010791}"
EndProject
Project("{2150E333-8FDC-42A3-9474-1A3956D46DE8}") = "6. Engine", "6. Engine", "{F5D53E28-EED2-49DF-9513-455CF3EEF7D0}"
EndProject
Project("{8BC9CEB8-8B4A-11D0-8D11-00A0C91BC942}") = "Main", "Source\Main\Main.vcxproj", "{7D02C718-CF1E-44B5-B53D-F1A8B8A94802}"
EndProject
Project("{2150E333-8FDC-42A3-9474-1A3956D46DE8}") = "5. Modules", "5. Modules", "{DE1A72AF-64A8-42A5-B96C-52F928FFAEE5}"
EndProject
Project("{8BC9CEB8-8B4A-11D0-8D11-00A0C91BC942}") = "InputModule", "Source\Modules\InputModule\InputModule.vcxproj", "{F67817BC-CD0B-46EA-8719-058129284C4C}"
EndProject
Project("{8BC9CEB8-8B4A-11D0-8D11-00A0C91BC942}") = "RenderAPI", "Source\RenderAPIs\RenderAPI\RenderAPI.vcxproj", "{67A3AF62-16CF-4328-87AB-788788884642}"
EndProject
Project("{8BC9CEB8-8B4A-11D0-8D11-00A0C91BC942}") = "VulkanAPI", "Source\RenderAPIs\VulkanAPI\VulkanAPI.vcxproj", "{5E4DA4CE-030B-4D53-90BA-02696A4EAB0C}"
EndProject
Global
	GlobalSection(SolutionConfigurationPlatforms) = preSolution
		Debug|x64 = Debug|x64
		Release|x64 = Release|x64
	EndGlobalSection
	GlobalSection(ProjectConfigurationPlatforms) = postSolution
		{6E0335E5-F2EA-4FE9-8D68-F3F7E903E9A4}.Debug|x64.ActiveCfg = Debug|x64
		{6E0335E5-F2EA-4FE9-8D68-F3F7E903E9A4}.Debug|x64.Build.0 = Debug|x64
		{6E0335E5-F2EA-4FE9-8D68-F3F7E903E9A4}.Release|x64.ActiveCfg = Release|x64
		{6E0335E5-F2EA-4FE9-8D68-F3F7E903E9A4}.Release|x64.Build.0 = Release|x64
		{6FF95204-4058-4AC1-954E-552AE2F46B19}.Debug|x64.ActiveCfg = Debug|x64
		{6FF95204-4058-4AC1-954E-552AE2F46B19}.Debug|x64.Build.0 = Debug|x64
		{6FF95204-4058-4AC1-954E-552AE2F46B19}.Release|x64.ActiveCfg = Release|x64
		{6FF95204-4058-4AC1-954E-552AE2F46B19}.Release|x64.Build.0 = Release|x64
		{6BD7075F-8B4C-43E2-A980-DFE56F51F1B2}.Debug|x64.ActiveCfg = Debug|x64
		{6BD7075F-8B4C-43E2-A980-DFE56F51F1B2}.Debug|x64.Build.0 = Debug|x64
		{6BD7075F-8B4C-43E2-A980-DFE56F51F1B2}.Release|x64.ActiveCfg = Release|x64
		{6BD7075F-8B4C-43E2-A980-DFE56F51F1B2}.Release|x64.Build.0 = Release|x64
		{EDC2B5F6-5F51-4E5D-856E-E352D8367873}.Debug|x64.ActiveCfg = Debug|x64
		{EDC2B5F6-5F51-4E5D-856E-E352D8367873}.Debug|x64.Build.0 = Debug|x64
		{EDC2B5F6-5F51-4E5D-856E-E352D8367873}.Release|x64.ActiveCfg = Release|x64
		{EDC2B5F6-5F51-4E5D-856E-E352D8367873}.Release|x64.Build.0 = Release|x64
		{7D02C718-CF1E-44B5-B53D-F1A8B8A94802}.Debug|x64.ActiveCfg = Debug|x64
		{7D02C718-CF1E-44B5-B53D-F1A8B8A94802}.Debug|x64.Build.0 = Debug|x64
		{7D02C718-CF1E-44B5-B53D-F1A8B8A94802}.Release|x64.ActiveCfg = Release|x64
		{7D02C718-CF1E-44B5-B53D-F1A8B8A94802}.Release|x64.Build.0 = Release|x64
		{F67817BC-CD0B-46EA-8719-058129284C4C}.Debug|x64.ActiveCfg = Debug|x64
		{F67817BC-CD0B-46EA-8719-058129284C4C}.Debug|x64.Build.0 = Debug|x64
		{F67817BC-CD0B-46EA-8719-058129284C4C}.Release|x64.ActiveCfg = Release|x64
		{F67817BC-CD0B-46EA-8719-058129284C4C}.Release|x64.Build.0 = Release|x64
		{67A3AF62-16CF-4328-87AB-788788884642}.Debug|x64.ActiveCfg = Debug|x64
		{67A3AF62-16CF-4328-87AB-788788884642}.Debug|x64.Build.0 = Debug|x64
		{67A3AF62-16CF-4328-87AB-788788884642}.Release|x64.ActiveCfg = Release|x64
		{67A3AF62-16CF-4328-87AB-788788884642}.Release|x64.Build.0 = Release|x64
		{5E4DA4CE-030B-4D53-90BA-02696A4EAB0C}.Debug|x64.ActiveCfg = Debug|x64
		{5E4DA4CE-030B-4D53-90BA-02696A4EAB0C}.Debug|x64.Build.0 = Debug|x64
		{5E4DA4CE-030B-4D53-90BA-02696A4EAB0C}.Release|x64.ActiveCfg = Release|x64
		{5E4DA4CE-030B-4D53-90BA-02696A4EAB0C}.Release|x64.Build.0 = Release|x64
	EndGlobalSection
	GlobalSection(SolutionProperties) = preSolution
		HideSolutionNode = FALSE
	EndGlobalSection
	GlobalSection(NestedProjects) = preSolution
		{6E0335E5-F2EA-4FE9-8D68-F3F7E903E9A4} = {7FEBFEDB-7C2F-4CCE-AB41-CF39F856132A}
		{6FF95204-4058-4AC1-954E-552AE2F46B19} = {BC14812D-62D1-48DE-B667-DF3C0FDC2F3E}
		{6BD7075F-8B4C-43E2-A980-DFE56F51F1B2} = {51451B33-246B-4694-9FAE-E25426F45D01}
		{EDC2B5F6-5F51-4E5D-856E-E352D8367873} = {F5D53E28-EED2-49DF-9513-455CF3EEF7D0}
		{F67817BC-CD0B-46EA-8719-058129284C4C} = {DE1A72AF-64A8-42A5-B96C-52F928FFAEE5}
		{67A3AF62-16CF-4328-87AB-788788884642} = {CF85B22C-C304-4493-973D-6FFD91010791}
		{5E4DA4CE-030B-4D53-90BA-02696A4EAB0C} = {CF85B22C-C304-4493-973D-6FFD91010791}
	EndGlobalSection
	GlobalSection(ExtensibilityGlobals) = postSolution
		SolutionGuid = {6EA88B6A-8AB2-4417-AADD-1DE7621E9577}
	EndGlobalSection
EndGlobal
