
Microsoft Visual Studio Solution File, Format Version 12.00
# Visual Studio Version 16
VisualStudioVersion = 16.0.30011.22
MinimumVisualStudioVersion = 10.0.40219.1
Project("{8BC9CEB8-8B4A-11D0-8D11-00A0C91BC942}") = "Utility", "Source\Utility\Utility.vcxproj", "{6E0335E5-F2EA-4FE9-8D68-F3F7E903E9A4}"
EndProject
Project("{8BC9CEB8-8B4A-11D0-8D11-00A0C91BC942}") = "Platform", "Source\Platform\Platform.vcxproj", "{6FF95204-4058-4AC1-954E-552AE2F46B19}"
EndProject
Project("{8BC9CEB8-8B4A-11D0-8D11-00A0C91BC942}") = "Core", "Source\Core\Core.vcxproj", "{6BD7075F-8B4C-43E2-A980-DFE56F51F1B2}"
EndProject
Project("{8BC9CEB8-8B4A-11D0-8D11-00A0C91BC942}") = "Engine", "Source\Engine\Engine.vcxproj", "{EDC2B5F6-5F51-4E5D-856E-E352D8367873}"
EndProject
Project("{2150E333-8FDC-42A3-9474-1A3956D46DE8}") = "1. Utility", "1. Utility", "{7FEBFEDB-7C2F-4CCE-AB41-CF39F856132A}"
EndProject
Project("{2150E333-8FDC-42A3-9474-1A3956D46DE8}") = "2. Platform", "2. Platform", "{BC14812D-62D1-48DE-B667-DF3C0FDC2F3E}"
EndProject
Project("{2150E333-8FDC-42A3-9474-1A3956D46DE8}") = "3. Core", "3. Core", "{51451B33-246B-4694-9FAE-E25426F45D01}"
EndProject
Project("{2150E333-8FDC-42A3-9474-1A3956D46DE8}") = "4. RenderAPI", "4. RenderAPI", "{CF85B22C-C304-4493-973D-6FFD91010791}"
EndProject
Project("{2150E333-8FDC-42A3-9474-1A3956D46DE8}") = "5. Engine", "5. Engine", "{F5D53E28-EED2-49DF-9513-455CF3EEF7D0}"
EndProject
Project("{8BC9CEB8-8B4A-11D0-8D11-00A0C91BC942}") = "RenderAPI", "..\RenderAPI\RenderAPI.vcxproj", "{CC7EFC66-C2EE-4DC2-8D91-C4DDAC647368}"
EndProject
Project("{8BC9CEB8-8B4A-11D0-8D11-00A0C91BC942}") = "Main", "Source\Main\Main.vcxproj", "{7D02C718-CF1E-44B5-B53D-F1A8B8A94802}"
EndProject
Global
	GlobalSection(SolutionConfigurationPlatforms) = preSolution
		Debug|x64 = Debug|x64
		Debug|x86 = Debug|x86
		Release|x64 = Release|x64
		Release|x86 = Release|x86
	EndGlobalSection
	GlobalSection(ProjectConfigurationPlatforms) = postSolution
		{6E0335E5-F2EA-4FE9-8D68-F3F7E903E9A4}.Debug|x64.ActiveCfg = Debug|x64
		{6E0335E5-F2EA-4FE9-8D68-F3F7E903E9A4}.Debug|x64.Build.0 = Debug|x64
		{6E0335E5-F2EA-4FE9-8D68-F3F7E903E9A4}.Debug|x86.ActiveCfg = Debug|Win32
		{6E0335E5-F2EA-4FE9-8D68-F3F7E903E9A4}.Debug|x86.Build.0 = Debug|Win32
		{6E0335E5-F2EA-4FE9-8D68-F3F7E903E9A4}.Release|x64.ActiveCfg = Release|x64
		{6E0335E5-F2EA-4FE9-8D68-F3F7E903E9A4}.Release|x64.Build.0 = Release|x64
		{6E0335E5-F2EA-4FE9-8D68-F3F7E903E9A4}.Release|x86.ActiveCfg = Release|Win32
		{6E0335E5-F2EA-4FE9-8D68-F3F7E903E9A4}.Release|x86.Build.0 = Release|Win32
		{6FF95204-4058-4AC1-954E-552AE2F46B19}.Debug|x64.ActiveCfg = Debug|x64
		{6FF95204-4058-4AC1-954E-552AE2F46B19}.Debug|x64.Build.0 = Debug|x64
		{6FF95204-4058-4AC1-954E-552AE2F46B19}.Debug|x86.ActiveCfg = Debug|Win32
		{6FF95204-4058-4AC1-954E-552AE2F46B19}.Debug|x86.Build.0 = Debug|Win32
		{6FF95204-4058-4AC1-954E-552AE2F46B19}.Release|x64.ActiveCfg = Release|x64
		{6FF95204-4058-4AC1-954E-552AE2F46B19}.Release|x64.Build.0 = Release|x64
		{6FF95204-4058-4AC1-954E-552AE2F46B19}.Release|x86.ActiveCfg = Release|Win32
		{6FF95204-4058-4AC1-954E-552AE2F46B19}.Release|x86.Build.0 = Release|Win32
		{6BD7075F-8B4C-43E2-A980-DFE56F51F1B2}.Debug|x64.ActiveCfg = Debug|x64
		{6BD7075F-8B4C-43E2-A980-DFE56F51F1B2}.Debug|x64.Build.0 = Debug|x64
		{6BD7075F-8B4C-43E2-A980-DFE56F51F1B2}.Debug|x86.ActiveCfg = Debug|Win32
		{6BD7075F-8B4C-43E2-A980-DFE56F51F1B2}.Debug|x86.Build.0 = Debug|Win32
		{6BD7075F-8B4C-43E2-A980-DFE56F51F1B2}.Release|x64.ActiveCfg = Release|x64
		{6BD7075F-8B4C-43E2-A980-DFE56F51F1B2}.Release|x64.Build.0 = Release|x64
		{6BD7075F-8B4C-43E2-A980-DFE56F51F1B2}.Release|x86.ActiveCfg = Release|Win32
		{6BD7075F-8B4C-43E2-A980-DFE56F51F1B2}.Release|x86.Build.0 = Release|Win32
		{EDC2B5F6-5F51-4E5D-856E-E352D8367873}.Debug|x64.ActiveCfg = Debug|x64
		{EDC2B5F6-5F51-4E5D-856E-E352D8367873}.Debug|x64.Build.0 = Debug|x64
		{EDC2B5F6-5F51-4E5D-856E-E352D8367873}.Debug|x86.ActiveCfg = Debug|Win32
		{EDC2B5F6-5F51-4E5D-856E-E352D8367873}.Debug|x86.Build.0 = Debug|Win32
		{EDC2B5F6-5F51-4E5D-856E-E352D8367873}.Release|x64.ActiveCfg = Release|x64
		{EDC2B5F6-5F51-4E5D-856E-E352D8367873}.Release|x64.Build.0 = Release|x64
		{EDC2B5F6-5F51-4E5D-856E-E352D8367873}.Release|x86.ActiveCfg = Release|Win32
		{EDC2B5F6-5F51-4E5D-856E-E352D8367873}.Release|x86.Build.0 = Release|Win32
		{CC7EFC66-C2EE-4DC2-8D91-C4DDAC647368}.Debug|x64.ActiveCfg = Debug|x64
		{CC7EFC66-C2EE-4DC2-8D91-C4DDAC647368}.Debug|x64.Build.0 = Debug|x64
		{CC7EFC66-C2EE-4DC2-8D91-C4DDAC647368}.Debug|x86.ActiveCfg = Debug|Win32
		{CC7EFC66-C2EE-4DC2-8D91-C4DDAC647368}.Debug|x86.Build.0 = Debug|Win32
		{CC7EFC66-C2EE-4DC2-8D91-C4DDAC647368}.Release|x64.ActiveCfg = Release|x64
		{CC7EFC66-C2EE-4DC2-8D91-C4DDAC647368}.Release|x64.Build.0 = Release|x64
		{CC7EFC66-C2EE-4DC2-8D91-C4DDAC647368}.Release|x86.ActiveCfg = Release|Win32
		{CC7EFC66-C2EE-4DC2-8D91-C4DDAC647368}.Release|x86.Build.0 = Release|Win32
		{7D02C718-CF1E-44B5-B53D-F1A8B8A94802}.Debug|x64.ActiveCfg = Debug|x64
		{7D02C718-CF1E-44B5-B53D-F1A8B8A94802}.Debug|x64.Build.0 = Debug|x64
		{7D02C718-CF1E-44B5-B53D-F1A8B8A94802}.Debug|x86.ActiveCfg = Debug|Win32
		{7D02C718-CF1E-44B5-B53D-F1A8B8A94802}.Debug|x86.Build.0 = Debug|Win32
		{7D02C718-CF1E-44B5-B53D-F1A8B8A94802}.Release|x64.ActiveCfg = Release|x64
		{7D02C718-CF1E-44B5-B53D-F1A8B8A94802}.Release|x64.Build.0 = Release|x64
		{7D02C718-CF1E-44B5-B53D-F1A8B8A94802}.Release|x86.ActiveCfg = Release|Win32
		{7D02C718-CF1E-44B5-B53D-F1A8B8A94802}.Release|x86.Build.0 = Release|Win32
	EndGlobalSection
	GlobalSection(SolutionProperties) = preSolution
		HideSolutionNode = FALSE
	EndGlobalSection
	GlobalSection(NestedProjects) = preSolution
		{6E0335E5-F2EA-4FE9-8D68-F3F7E903E9A4} = {7FEBFEDB-7C2F-4CCE-AB41-CF39F856132A}
		{6FF95204-4058-4AC1-954E-552AE2F46B19} = {BC14812D-62D1-48DE-B667-DF3C0FDC2F3E}
		{6BD7075F-8B4C-43E2-A980-DFE56F51F1B2} = {51451B33-246B-4694-9FAE-E25426F45D01}
		{EDC2B5F6-5F51-4E5D-856E-E352D8367873} = {F5D53E28-EED2-49DF-9513-455CF3EEF7D0}
		{CC7EFC66-C2EE-4DC2-8D91-C4DDAC647368} = {CF85B22C-C304-4493-973D-6FFD91010791}
	EndGlobalSection
	GlobalSection(ExtensibilityGlobals) = postSolution
		SolutionGuid = {6EA88B6A-8AB2-4417-AADD-1DE7621E9577}
	EndGlobalSection
EndGlobal
