<?xml version="1.0" encoding="utf-8"?>
<Project ToolsVersion="4.0" xmlns="http://schemas.microsoft.com/developer/msbuild/2003">
  <ItemGroup>
    <ClCompile Include="a.cpp" />
    <ClCompile Include="VulkanAPI.cpp" />
  </ItemGroup>
  <ItemGroup>
    <ClInclude Include="VulkanAPI.h" />
    <ClInclude Include="VulkanAPIHeader.h" />
    <ClInclude Include="VulkanAPIFwd.h" />
  </ItemGroup>
</Project>