<?xml version="1.0" encoding="utf-8"?>
<Project ToolsVersion="4.0" xmlns="http://schemas.microsoft.com/developer/msbuild/2003">
  <ItemGroup>
    <ClCompile Include="VulkanAPI.cpp" />
    <ClCompile Include="VulkanUtility.cpp" />
    <ClCompile Include="VulkanDevice.cpp" />
    <ClCompile Include="Interface\TextureVk.cpp">
      <Filter>Interface</Filter>
    </ClCompile>
    <ClCompile Include="VulkanTypeConversion.cpp" />
    <ClCompile Include="VulkanMemoryAllocator.cpp" />
    <ClCompile Include="VulkanDebug.cpp" />
    <ClCompile Include="Interface\BufferVk.cpp">
      <Filter>Interface</Filter>
    </ClCompile>
    <ClCompile Include="VulkanStagingManager.cpp" />
    <ClCompile Include="VulkanFencePool.cpp" />
    <ClCompile Include="VulkanQueueManager.cpp" />
    <ClCompile Include="VulkanSemaphorePool.cpp" />
    <ClCompile Include="VulkanCommandPool.cpp" />
    <ClCompile Include="Interface\DeviceContextVk.cpp">
      <Filter>Interface</Filter>
    </ClCompile>
    <ClCompile Include="Interface\ShaderVk.cpp">
      <Filter>Interface</Filter>
    </ClCompile>
    <ClCompile Include="Tools\GLSLTool.cpp">
      <Filter>Tools</Filter>
    </ClCompile>
    <ClCompile Include="VulkanLayout.cpp" />
    <ClCompile Include="VulkanShaderVariableManager.cpp" />
    <ClCompile Include="Interface\ShaderVariablesVk.cpp">
      <Filter>Interface</Filter>
    </ClCompile>
    <ClCompile Include="Interface\PipelineStateVk.cpp">
      <Filter>Interface</Filter>
    </ClCompile>
    <ClCompile Include="Interface\RenderPassVk.cpp">
      <Filter>Interface</Filter>
    </ClCompile>
  </ItemGroup>
  <ItemGroup>
    <ClInclude Include="VulkanAPI.h" />
    <ClInclude Include="VulkanAPIHeader.h" />
    <ClInclude Include="VulkanAPIFwd.h" />
    <ClInclude Include="VulkanUtility.h" />
    <ClInclude Include="VulkanDevice.h" />
    <ClInclude Include="Interface\TextureVk.h">
      <Filter>Interface</Filter>
    </ClInclude>
    <ClInclude Include="VulkanTypeConversion.h" />
    <ClInclude Include="VulkanMemoryAllocator.h" />
    <ClInclude Include="VulkanDebug.h" />
    <ClInclude Include="Interface\BufferVk.h">
      <Filter>Interface</Filter>
    </ClInclude>
    <ClInclude Include="VulkanStagingManager.h" />
    <ClInclude Include="VulkanFencePool.h" />
    <ClInclude Include="VulkanQueueManager.h" />
    <ClInclude Include="VulkanSemaphorePool.h" />
    <ClInclude Include="VulkanCommandPool.h" />
    <ClInclude Include="Interface\DeviceContextVk.h">
      <Filter>Interface</Filter>
    </ClInclude>
    <ClInclude Include="Interface\ShaderVk.h">
      <Filter>Interface</Filter>
    </ClInclude>
    <ClInclude Include="Tools\GLSLTool.h">
      <Filter>Tools</Filter>
    </ClInclude>
    <ClInclude Include="VulkanLayout.h" />
    <ClInclude Include="VulkanShaderVariableManager.h" />
    <ClInclude Include="Interface\ShaderVariablesVk.h">
      <Filter>Interface</Filter>
    </ClInclude>
    <ClInclude Include="Interface\PipelineStateVk.h">
      <Filter>Interface</Filter>
    </ClInclude>
    <ClInclude Include="Interface\RenderPassVk.h">
      <Filter>Interface</Filter>
    </ClInclude>
  </ItemGroup>
  <ItemGroup>
    <Filter Include="Interface">
      <UniqueIdentifier>{dd56b90f-6da5-4724-a8cf-e3eec1cf0178}</UniqueIdentifier>
    </Filter>
    <Filter Include="Tools">
      <UniqueIdentifier>{b2bde556-70a0-4060-8a72-04a2a0357480}</UniqueIdentifier>
    </Filter>
  </ItemGroup>
</Project>