<?xml version="1.0" encoding="utf-8"?>
<Project ToolsVersion="4.0" xmlns="http://schemas.microsoft.com/developer/msbuild/2003">
  <ItemGroup>
    <ClInclude Include="RenderAPI.h" />
    <ClInclude Include="Interface\Texture.h">
      <Filter>Interface</Filter>
    </ClInclude>
    <ClInclude Include="RenderAPIHeader.h" />
    <ClInclude Include="RenderAPIFwd.h" />
    <ClInclude Include="Interface\RenderTypes.h">
      <Filter>Interface</Filter>
    </ClInclude>
    <ClInclude Include="Interface\Resource.h">
      <Filter>Interface</Filter>
    </ClInclude>
    <ClInclude Include="Interface\Buffer.h">
      <Filter>Interface</Filter>
    </ClInclude>
    <ClInclude Include="Interface\DeviceContext.h">
      <Filter>Interface</Filter>
    </ClInclude>
    <ClInclude Include="Interface\Shader.h">
      <Filter>Interface</Filter>
    </ClInclude>
    <ClInclude Include="Interface\ShaderVariables.h">
      <Filter>Interface</Filter>
    </ClInclude>
    <ClInclude Include="Interface\PipelineState.h">
      <Filter>Interface</Filter>
    </ClInclude>
    <ClInclude Include="Interface\BlendState.h">
      <Filter>Interface</Filter>
    </ClInclude>
    <ClInclude Include="Interface\RasterizerState.h">
      <Filter>Interface</Filter>
    </ClInclude>
    <ClInclude Include="Interface\DepthStencilState.h">
      <Filter>Interface</Filter>
    </ClInclude>
    <ClInclude Include="Interface\InputLayout.h">
      <Filter>Interface</Filter>
    </ClInclude>
    <ClInclude Include="Interface\RenderPass.h">
      <Filter>Interface</Filter>
    </ClInclude>
  </ItemGroup>
  <ItemGroup>
    <ClCompile Include="a.cpp" />
    <ClCompile Include="Utilities\VariableSizeMemoryPage.h">
      <Filter>Utilities</Filter>
    </ClCompile>
  </ItemGroup>
  <ItemGroup>
    <Filter Include="Interface">
      <UniqueIdentifier>{8727b28a-68ab-4ba7-a95c-10426bc8a565}</UniqueIdentifier>
    </Filter>
    <Filter Include="Utilities">
      <UniqueIdentifier>{1ee62c5a-6546-4cd4-89a9-16726cb8f928}</UniqueIdentifier>
    </Filter>
  </ItemGroup>
</Project>